
Microsoft Visual Studio Solution File, Format Version 12.00
# Visual Studio Version 17
VisualStudioVersion = 17.9.34728.123
MinimumVisualStudioVersion = 10.0.40219.1
Project("{FAE04EC0-301F-11D3-BF4B-00C04F79EFBC}") = "TaskMaster", "TaskMaster\TaskMaster.csproj", "{5462204A-589B-4794-848D-94419EB0EF93}"
EndProject
Global
	GlobalSection(SolutionConfigurationPlatforms) = preSolution
		Debug|Any CPU = Debug|Any CPU
		Release|Any CPU = Release|Any CPU
	EndGlobalSection
	GlobalSection(ProjectConfigurationPlatforms) = postSolution
		{5462204A-589B-4794-848D-94419EB0EF93}.Debug|Any CPU.ActiveCfg = Debug|Any CPU
		{5462204A-589B-4794-848D-94419EB0EF93}.Debug|Any CPU.Build.0 = Debug|Any CPU
		{5462204A-589B-4794-848D-94419EB0EF93}.Release|Any CPU.ActiveCfg = Release|Any CPU
		{5462204A-589B-4794-848D-94419EB0EF93}.Release|Any CPU.Build.0 = Release|Any CPU
	EndGlobalSection
	GlobalSection(SolutionProperties) = preSolution
		HideSolutionNode = FALSE
	EndGlobalSection
	GlobalSection(ExtensibilityGlobals) = postSolution
		SolutionGuid = {3BCBD1F6-2737-4010-88DC-04CC18F80221}
	EndGlobalSection
EndGlobal
